github.com/alexellis/go-execute v0.6.0 h1:FVGoudJnWSObwf9qmehbvVuvhK6g1UpKOCBjS+OUXEA=
github.com/alexellis/go-execute v0.6.0/go.mod h1:nlg2F6XdYydUm1xXQMMiuibQCV1mveybBkNWfdNznjk=
github.com/openfaas/faas-provider v0.19.1 h1:xH8lTWabfDZwzIvC0u1AO48ghD3BNw6Vo231DLqTeI0=
github.com/openfaas/faas-provider v0.19.1/go.mod h1:Farrp+9Med8LeK3aoYpqplMP8f5ebTILbCSLg2LPLZk=
